
Microsoft Visual Studio Solution File, Format Version 12.00
# Visual Studio Version 17
VisualStudioVersion = 17.4.33205.214
MinimumVisualStudioVersion = 10.0.40219.1
Project("{FAE04EC0-301F-11D3-BF4B-00C04F79EFBC}") = "AnInterestingDesktopAppName", "AnInterestingDesktopAppName\AnInterestingDesktopAppName.csproj", "{B68C7AA2-E93D-479A-BECD-A9DE014BA000}"
EndProject
Global
	GlobalSection(SolutionConfigurationPlatforms) = preSolution
		Debug|Any CPU = Debug|Any CPU
		Release|Any CPU = Release|Any CPU
	EndGlobalSection
	GlobalSection(ProjectConfigurationPlatforms) = postSolution
		{B68C7AA2-E93D-479A-BECD-A9DE014BA000}.Debug|Any CPU.ActiveCfg = Debug|Any CPU
		{B68C7AA2-E93D-479A-BECD-A9DE014BA000}.Debug|Any CPU.Build.0 = Debug|Any CPU
		{B68C7AA2-E93D-479A-BECD-A9DE014BA000}.Release|Any CPU.ActiveCfg = Release|Any CPU
		{B68C7AA2-E93D-479A-BECD-A9DE014BA000}.Release|Any CPU.Build.0 = Release|Any CPU
	EndGlobalSection
	GlobalSection(SolutionProperties) = preSolution
		HideSolutionNode = FALSE
	EndGlobalSection
	GlobalSection(ExtensibilityGlobals) = postSolution
		SolutionGuid = {3C996A10-F9C1-4D6A-B35F-918D7D99282A}
	EndGlobalSection
EndGlobal
